{
  "nodes": {
    "crate2nix": {
      "flake": false,
      "locked": {
        "lastModified": 1599563194,
        "narHash": "sha256-HS+I8fszn8UW3Z++X0EOjJf6/hXEwfPiCrawHOzzXh8=",
        "owner": "kolloch",
        "repo": "crate2nix",
        "rev": "e07af104b8e41d1cd7e41dc7ac3fdcdf4953efae",
        "type": "github"
      },
      "original": {
        "owner": "kolloch",
        "repo": "crate2nix",
        "type": "github"
      }
    },
    "flake-utils": {
      "locked": {
        "lastModified": 1610051610,
        "narHash": "sha256-U9rPz/usA1/Aohhk7Cmc2gBrEEKRzcW4nwPWMPwja4Y=",
        "owner": "numtide",
        "repo": "flake-utils",
        "rev": "3982c9903e93927c2164caa727cd3f6a0e6d14cc",
        "type": "github"
      },
      "original": {
        "owner": "numtide",
        "repo": "flake-utils",
        "type": "github"
      }
    },
    "flake-utils_2": {
      "locked": {
        "lastModified": 1610051610,
        "narHash": "sha256-U9rPz/usA1/Aohhk7Cmc2gBrEEKRzcW4nwPWMPwja4Y=",
        "owner": "numtide",
        "repo": "flake-utils",
        "rev": "3982c9903e93927c2164caa727cd3f6a0e6d14cc",
        "type": "github"
      },
      "original": {
        "owner": "numtide",
        "repo": "flake-utils",
        "type": "github"
      }
    },
    "flake-utils_3": {
      "locked": {
        "lastModified": 1609246779,
        "narHash": "sha256-eq6ZXE/VWo3EMC65jmIT6H/rrUc9UWOWVujkzav025k=",
        "owner": "numtide",
        "repo": "flake-utils",
        "rev": "08c7ad4a0844adc4a7f9f5bb3beae482e789afa4",
        "type": "github"
      },
      "original": {
        "owner": "numtide",
        "repo": "flake-utils",
        "type": "github"
      }
    },
    "flake-utils_4": {
      "locked": {
        "lastModified": 1610051610,
        "narHash": "sha256-U9rPz/usA1/Aohhk7Cmc2gBrEEKRzcW4nwPWMPwja4Y=",
        "owner": "numtide",
        "repo": "flake-utils",
        "rev": "3982c9903e93927c2164caa727cd3f6a0e6d14cc",
        "type": "github"
      },
      "original": {
        "owner": "numtide",
        "repo": "flake-utils",
        "type": "github"
      }
    },
    "flake-utils_5": {
      "locked": {
        "lastModified": 1610051610,
        "narHash": "sha256-U9rPz/usA1/Aohhk7Cmc2gBrEEKRzcW4nwPWMPwja4Y=",
        "owner": "numtide",
        "repo": "flake-utils",
        "rev": "3982c9903e93927c2164caa727cd3f6a0e6d14cc",
        "type": "github"
      },
      "original": {
        "owner": "numtide",
        "repo": "flake-utils",
        "type": "github"
      }
    },
    "flake-utils_6": {
      "locked": {
        "lastModified": 1600209923,
        "narHash": "sha256-zoOWauTliFEjI++esk6Jzk7QO5EKpddWXQm9yQK24iM=",
        "owner": "numtide",
        "repo": "flake-utils",
        "rev": "3cd06d3c1df6879c9e41cb2c33113df10566c760",
        "type": "github"
      },
      "original": {
        "owner": "numtide",
        "repo": "flake-utils",
        "type": "github"
      }
    },
    "flake-utils_7": {
      "locked": {
        "lastModified": 1600209923,
        "narHash": "sha256-zoOWauTliFEjI++esk6Jzk7QO5EKpddWXQm9yQK24iM=",
        "owner": "numtide",
        "repo": "flake-utils",
        "rev": "3cd06d3c1df6879c9e41cb2c33113df10566c760",
        "type": "github"
      },
      "original": {
        "owner": "numtide",
        "repo": "flake-utils",
        "type": "github"
      }
    },
    "flake-utils_8": {
      "locked": {
        "lastModified": 1601282935,
        "narHash": "sha256-WQAFV6sGGQxrRs3a+/Yj9xUYvhTpukQJIcMbIi7LCJ4=",
        "owner": "numtide",
        "repo": "flake-utils",
        "rev": "588973065fce51f4763287f0fda87a174d78bf48",
        "type": "github"
      },
      "original": {
        "owner": "numtide",
        "repo": "flake-utils",
        "type": "github"
      }
    },
    "nix-ros-overlay": {
      "inputs": {
        "flake-utils": "flake-utils_2",
        "nixpkgs": "nixpkgs"
      },
      "locked": {
        "lastModified": 1611549153,
        "narHash": "sha256-G8e3231RGg1c3p/qR1IpJpIqCXyo8L2askSz81oY7Pc=",
        "owner": "lopsided98",
        "repo": "nix-ros-overlay",
        "rev": "c894915970a70880eed5325a524ff571fe66ae17",
        "type": "github"
      },
      "original": {
        "owner": "lopsided98",
        "ref": "staging",
        "repo": "nix-ros-overlay",
        "type": "github"
      }
    },
    "nix-ros-overlay_2": {
      "inputs": {
        "flake-utils": "flake-utils_7",
        "nixpkgs": "nixpkgs_5"
      },
      "locked": {
        "lastModified": 1601075075,
        "narHash": "sha256-O4HRLzsqXsa70KTwIRnl7qdHjmYFtaAcmimyfzP75yA=",
        "owner": "lopsided98",
        "repo": "nix-ros-overlay",
        "rev": "cb4c1aac9a502bb4b6f3d06086db12260fb98eaa",
        "type": "github"
      },
      "original": {
        "owner": "lopsided98",
        "ref": "staging",
        "repo": "nix-ros-overlay",
        "type": "github"
      }
    },
    "nix-sdr": {
      "inputs": {
        "flake-utils": "flake-utils_3",
        "nixpkgs": "nixpkgs_2"
      },
      "locked": {
        "lastModified": 1609876170,
        "narHash": "sha256-t8nWKcuopn4ga4AsG1KnEJDAha6tMbYrwzsqVOnILVk=",
        "owner": "lopsided98",
        "repo": "nix-sdr",
        "rev": "3d87760c5162c8d9e78f444907e09f49b876b184",
        "type": "github"
      },
      "original": {
        "owner": "lopsided98",
        "repo": "nix-sdr",
        "type": "github"
      }
    },
    "nixos-secrets": {
      "inputs": {
        "flake-utils": "flake-utils_4",
        "nixpkgs": "nixpkgs_3"
      },
      "locked": {
        "lastModified": 1612225784,
        "narHash": "sha256-vd5G7F8Sy1e7LB+v+WWkgcVXVKX6rxQCg31QiX3riag=",
        "owner": "lopsided98",
        "repo": "nixos-secrets",
        "rev": "970905d244cbec269db4a16b0dbb2705f4608032",
        "type": "github"
      },
      "original": {
        "owner": "lopsided98",
        "repo": "nixos-secrets",
        "type": "github"
      }
    },
    "nixpkgs": {
      "locked": {
        "lastModified": 1611548948,
        "narHash": "sha256-y+eRVssOGlF2zFItge7/0EjBq8+kqzvYnpYJYckT2vo=",
        "owner": "lopsided98",
        "repo": "nixpkgs",
        "rev": "ff2838259a74c26aedcab4d772a65e0ac6a5af23",
        "type": "github"
      },
      "original": {
        "owner": "lopsided98",
        "ref": "nix-ros",
        "repo": "nixpkgs",
        "type": "github"
      }
    },
    "nixpkgs-master-custom": {
      "locked": {
        "lastModified": 1612236643,
        "narHash": "sha256-qU0NABXEDGDc0qIM65iJYO4ZaXMhAa1IQ9eKkVmOr4E=",
        "owner": "lopsided98",
        "repo": "nixpkgs",
        "rev": "9c3d836bcb71eb10cd1401abb98535904ea22344",
        "type": "github"
      },
      "original": {
        "owner": "lopsided98",
        "ref": "master-custom",
        "repo": "nixpkgs",
        "type": "github"
      }
    },
    "nixpkgs-unstable-custom": {
      "locked": {
        "lastModified": 1612134715,
        "narHash": "sha256-VH3SxS9SF3dHpk1mlwp2cXxQhWIyG+F/qfL5sP1kDtM=",
        "owner": "lopsided98",
        "repo": "nixpkgs",
        "rev": "730b770bc3457fb752027f54d59332545090ae2c",
        "type": "github"
      },
      "original": {
        "owner": "lopsided98",
        "ref": "unstable-custom",
        "repo": "nixpkgs",
        "type": "github"
      }
    },
    "nixpkgs_2": {
      "locked": {
        "lastModified": 1609779634,
        "narHash": "sha256-LYNAH7Pv9IyoIs7di0rg6vnSC+VxhXhX94LXq04hsOE=",
        "owner": "NixOS",
        "repo": "nixpkgs",
        "rev": "1a57d96edd156958b12782e8c8b6a374142a7248",
        "type": "github"
      },
      "original": {
        "owner": "NixOS",
        "ref": "nixos-unstable",
        "repo": "nixpkgs",
        "type": "github"
      }
    },
    "nixpkgs_3": {
      "locked": {
        "lastModified": 1612105129,
        "narHash": "sha256-F8vlMh3lnadePP4gcdqxGNfvP2jRqDxwZamVhPfD0Zk=",
        "owner": "NixOS",
        "repo": "nixpkgs",
        "rev": "5ff6700bb824a6d824fa021550a5596f6c3f64e7",
        "type": "github"
      },
      "original": {
        "id": "nixpkgs",
        "type": "indirect"
      }
    },
    "nixpkgs_4": {
      "locked": {
        "lastModified": 1610041835,
        "narHash": "sha256-WXWaMt8W746JDgLls4g3AfCuKbcQUNL/YjikJIgsCGQ=",
        "owner": "NixOS",
        "repo": "nixpkgs",
        "rev": "f211631c1cb3e94828c7650b5d12c1e5a89e0e16",
        "type": "github"
      },
      "original": {
        "id": "nixpkgs",
        "type": "indirect"
      }
    },
    "nixpkgs_5": {
      "locked": {
        "lastModified": 1600616114,
        "narHash": "sha256-os1ysCAojDcMbCpwDY0MBeirifqKli89DkZrbIMAbKU=",
        "owner": "lopsided98",
        "repo": "nixpkgs",
        "rev": "d4f06dd9b5f57b0195445a69ee6878363439b393",
        "type": "github"
      },
      "original": {
        "owner": "lopsided98",
        "ref": "nix-ros",
        "repo": "nixpkgs",
        "type": "github"
      }
    },
    "nixpkgs_6": {
      "locked": {
        "lastModified": 1601171649,
        "narHash": "sha256-G3RUAi2DUq6r3ntASLS+LZC/Eamot55W1+xmBOgEh3M=",
        "owner": "NixOS",
        "repo": "nixpkgs",
        "rev": "84d74ae9c9cbed73274b8e4e00be14688ffc93fe",
        "type": "github"
      },
      "original": {
        "owner": "NixOS",
        "ref": "nixos-unstable",
        "repo": "nixpkgs",
        "type": "github"
      }
    },
    "radonpy": {
      "inputs": {
        "flake-utils": "flake-utils_5",
        "nixpkgs": "nixpkgs_4"
      },
      "locked": {
        "lastModified": 1610128641,
        "narHash": "sha256-Ytr5TXsVFCBADUiHg9iooscVKcTcMIZRlOqkRWvDEpA=",
        "owner": "lopsided98",
        "repo": "radonpy",
        "rev": "616a5194960f9390c402cd9b8a9052feb0d48e6c",
        "type": "github"
      },
      "original": {
        "owner": "lopsided98",
        "repo": "radonpy",
        "type": "github"
      }
    },
    "root": {
      "inputs": {
        "flake-utils": "flake-utils",
        "nix-ros-overlay": "nix-ros-overlay",
        "nix-sdr": "nix-sdr",
        "nixos-secrets": "nixos-secrets",
        "nixpkgs-master-custom": "nixpkgs-master-custom",
        "nixpkgs-unstable-custom": "nixpkgs-unstable-custom",
        "radonpy": "radonpy",
        "ros-sailing": "ros-sailing",
        "secrets": "secrets",
        "zeus-audio": "zeus-audio"
      }
    },
    "ros-sailing": {
      "inputs": {
        "flake-utils": "flake-utils_6",
        "nix-ros-overlay": "nix-ros-overlay_2"
      },
      "locked": {
        "lastModified": 1602700266,
        "narHash": "sha256-2n28uaf/H753bjiVU0VSZYNJYThSnFpBpP8gcfuYg18=",
        "ref": "master",
        "rev": "84d9e92d3b91a6449175a5f803412c46fb2d7ddd",
        "revCount": 50,
        "type": "git",
        "url": "ssh://git@gitlab.com/dartmouthrobotics/ros_sailing.git"
      },
      "original": {
        "type": "git",
        "url": "ssh://git@gitlab.com/dartmouthrobotics/ros_sailing.git"
      }
    },
    "secrets": {
      "locked": {
        "lastModified": 1612226031,
        "narHash": "sha256-Shq7bVNrBum8DCnSjCZqZIgwQ3tVnBSp6P3jRKdW0Xk=",
        "ref": "master",
        "rev": "704a75195355f6835581fecfd16b039507bef5a7",
        "revCount": 58,
        "type": "git",
        "url": "ssh://git@github.com/lopsided98/nixos-config-secrets.git"
      },
      "original": {
        "type": "git",
        "url": "ssh://git@github.com/lopsided98/nixos-config-secrets.git"
      }
    },
    "zeus-audio": {
      "inputs": {
        "crate2nix": "crate2nix",
        "flake-utils": "flake-utils_8",
        "nixpkgs": "nixpkgs_6"
      },
      "locked": {
        "lastModified": 1601754093,
        "narHash": "sha256-5zSQr3Bumq16YSgjbqNf8QF6A+jWn/PkVgHabHS6Ub0=",
        "owner": "lopsided98",
        "repo": "zeus_audio",
        "rev": "2da22387484789bd545f3bac1d734593c0c633f8",
        "type": "github"
      },
      "original": {
        "owner": "lopsided98",
        "repo": "zeus_audio",
        "type": "github"
      }
    }
  },
  "root": "root",
  "version": 7
}
