{
  "nodes": {
    "crate2nix": {
      "flake": false,
      "locked": {
        "lastModified": 1650460722,
        "narHash": "sha256-jk4SZ8iOnfJEceVULjyOAq4MrX9CfU5bCWMyZP9nJVA=",
        "owner": "kolloch",
        "repo": "crate2nix",
        "rev": "78258f27fc3121562a44eb02c652a5ec77cf8d02",
        "type": "github"
      },
      "original": {
        "owner": "kolloch",
        "repo": "crate2nix",
        "type": "github"
      }
    },
    "crate2nix_2": {
      "flake": false,
      "locked": {
        "lastModified": 1655453176,
        "narHash": "sha256-3Dr1vCEwl3/4smRLm3OqiJ3ZJybEAfUlzdHLnTLFPDs=",
        "owner": "kolloch",
        "repo": "crate2nix",
        "rev": "805cdaf084c859c2ea0c084b74f4527b0483f6aa",
        "type": "github"
      },
      "original": {
        "owner": "kolloch",
        "repo": "crate2nix",
        "type": "github"
      }
    },
    "crate2nix_3": {
      "flake": false,
      "locked": {
        "lastModified": 1668031227,
        "narHash": "sha256-WSiooiJ2gtQGkZE0JBJkkqVz5wi3SETwygU4NuBHdgw=",
        "owner": "kolloch",
        "repo": "crate2nix",
        "rev": "ad27c9f88eca7fcbaaa25194d51787715041ec30",
        "type": "github"
      },
      "original": {
        "owner": "kolloch",
        "repo": "crate2nix",
        "type": "github"
      }
    },
    "fixed-wing-sampling": {
      "inputs": {
        "flake-utils": "flake-utils",
        "nix-ros-overlay": "nix-ros-overlay"
      },
      "locked": {
        "lastModified": 1668036622,
        "narHash": "sha256-nmvGs9AfY4XDFJ5U1xAjGOmd8ZtlLDbPSPaUx2wlKcA=",
        "ref": "refs/heads/master",
        "rev": "c170486d3ce23fe3f97fdfae144b0509327469e9",
        "revCount": 5,
        "type": "git",
        "url": "ssh://git@gitlab.com/dartmouthrobotics/fixed_wing_sampling.git"
      },
      "original": {
        "type": "git",
        "url": "ssh://git@gitlab.com/dartmouthrobotics/fixed_wing_sampling.git"
      }
    },
    "flake-utils": {
      "locked": {
        "lastModified": 1667395993,
        "narHash": "sha256-nuEHfE/LcWyuSWnS8t12N1wc105Qtau+/OdUAjtQ0rA=",
        "owner": "numtide",
        "repo": "flake-utils",
        "rev": "5aed5285a952e0b949eb3ba02c12fa4fcfef535f",
        "type": "github"
      },
      "original": {
        "owner": "numtide",
        "repo": "flake-utils",
        "type": "github"
      }
    },
    "flake-utils_10": {
      "locked": {
        "lastModified": 1638122382,
        "narHash": "sha256-sQzZzAbvKEqN9s0bzWuYmRaA03v40gaJ4+iL1LXjaeI=",
        "owner": "numtide",
        "repo": "flake-utils",
        "rev": "74f7e4319258e287b0f9cb95426c9853b282730b",
        "type": "github"
      },
      "original": {
        "owner": "numtide",
        "repo": "flake-utils",
        "type": "github"
      }
    },
    "flake-utils_11": {
      "locked": {
        "lastModified": 1638122382,
        "narHash": "sha256-sQzZzAbvKEqN9s0bzWuYmRaA03v40gaJ4+iL1LXjaeI=",
        "owner": "numtide",
        "repo": "flake-utils",
        "rev": "74f7e4319258e287b0f9cb95426c9853b282730b",
        "type": "github"
      },
      "original": {
        "owner": "numtide",
        "repo": "flake-utils",
        "type": "github"
      }
    },
    "flake-utils_12": {
      "locked": {
        "lastModified": 1653893745,
        "narHash": "sha256-0jntwV3Z8//YwuOjzhV2sgJJPt+HY6KhU7VZUL0fKZQ=",
        "owner": "numtide",
        "repo": "flake-utils",
        "rev": "1ed9fb1935d260de5fe1c2f7ee0ebaae17ed2fa1",
        "type": "github"
      },
      "original": {
        "owner": "numtide",
        "repo": "flake-utils",
        "type": "github"
      }
    },
    "flake-utils_13": {
      "locked": {
        "lastModified": 1667395993,
        "narHash": "sha256-nuEHfE/LcWyuSWnS8t12N1wc105Qtau+/OdUAjtQ0rA=",
        "owner": "numtide",
        "repo": "flake-utils",
        "rev": "5aed5285a952e0b949eb3ba02c12fa4fcfef535f",
        "type": "github"
      },
      "original": {
        "owner": "numtide",
        "repo": "flake-utils",
        "type": "github"
      }
    },
    "flake-utils_2": {
      "locked": {
        "lastModified": 1667395993,
        "narHash": "sha256-nuEHfE/LcWyuSWnS8t12N1wc105Qtau+/OdUAjtQ0rA=",
        "owner": "numtide",
        "repo": "flake-utils",
        "rev": "5aed5285a952e0b949eb3ba02c12fa4fcfef535f",
        "type": "github"
      },
      "original": {
        "owner": "numtide",
        "repo": "flake-utils",
        "type": "github"
      }
    },
    "flake-utils_3": {
      "locked": {
        "lastModified": 1667395993,
        "narHash": "sha256-nuEHfE/LcWyuSWnS8t12N1wc105Qtau+/OdUAjtQ0rA=",
        "owner": "numtide",
        "repo": "flake-utils",
        "rev": "5aed5285a952e0b949eb3ba02c12fa4fcfef535f",
        "type": "github"
      },
      "original": {
        "owner": "numtide",
        "repo": "flake-utils",
        "type": "github"
      }
    },
    "flake-utils_4": {
      "locked": {
        "lastModified": 1653893745,
        "narHash": "sha256-0jntwV3Z8//YwuOjzhV2sgJJPt+HY6KhU7VZUL0fKZQ=",
        "owner": "numtide",
        "repo": "flake-utils",
        "rev": "1ed9fb1935d260de5fe1c2f7ee0ebaae17ed2fa1",
        "type": "github"
      },
      "original": {
        "owner": "numtide",
        "repo": "flake-utils",
        "type": "github"
      }
    },
    "flake-utils_5": {
      "locked": {
        "lastModified": 1656928814,
        "narHash": "sha256-RIFfgBuKz6Hp89yRr7+NR5tzIAbn52h8vT6vXkYjZoM=",
        "owner": "numtide",
        "repo": "flake-utils",
        "rev": "7e2a3b3dfd9af950a856d66b0a7d01e3c18aa249",
        "type": "github"
      },
      "original": {
        "owner": "numtide",
        "repo": "flake-utils",
        "type": "github"
      }
    },
    "flake-utils_6": {
      "locked": {
        "lastModified": 1667395993,
        "narHash": "sha256-nuEHfE/LcWyuSWnS8t12N1wc105Qtau+/OdUAjtQ0rA=",
        "owner": "numtide",
        "repo": "flake-utils",
        "rev": "5aed5285a952e0b949eb3ba02c12fa4fcfef535f",
        "type": "github"
      },
      "original": {
        "owner": "numtide",
        "repo": "flake-utils",
        "type": "github"
      }
    },
    "flake-utils_7": {
      "locked": {
        "lastModified": 1614513358,
        "narHash": "sha256-LakhOx3S1dRjnh0b5Dg3mbZyH0ToC9I8Y2wKSkBaTzU=",
        "owner": "numtide",
        "repo": "flake-utils",
        "rev": "5466c5bbece17adaab2d82fae80b46e807611bf3",
        "type": "github"
      },
      "original": {
        "owner": "numtide",
        "repo": "flake-utils",
        "type": "github"
      }
    },
    "flake-utils_8": {
      "locked": {
        "lastModified": 1652776076,
        "narHash": "sha256-gzTw/v1vj4dOVbpBSJX4J0DwUR6LIyXo7/SuuTJp1kM=",
        "owner": "numtide",
        "repo": "flake-utils",
        "rev": "04c1b180862888302ddfb2e3ad9eaa63afc60cf8",
        "type": "github"
      },
      "original": {
        "owner": "numtide",
        "repo": "flake-utils",
        "type": "github"
      }
    },
    "flake-utils_9": {
      "locked": {
        "lastModified": 1659877975,
        "narHash": "sha256-zllb8aq3YO3h8B/U0/J1WBgAL8EX5yWf5pMj3G0NAmc=",
        "owner": "numtide",
        "repo": "flake-utils",
        "rev": "c0e246b9b83f637f4681389ecabcb2681b4f3af0",
        "type": "github"
      },
      "original": {
        "owner": "numtide",
        "repo": "flake-utils",
        "type": "github"
      }
    },
    "freefb": {
      "inputs": {
        "crate2nix": "crate2nix",
        "flake-utils": "flake-utils_4",
        "nixpkgs": "nixpkgs_2"
      },
      "locked": {
        "lastModified": 1654995723,
        "narHash": "sha256-yXAzfjKu3CaRgGBjOGtFzmFy7bQPCRdN/ULi/vWP0tk=",
        "ref": "refs/heads/master",
        "rev": "c608625efaec62f969c2f9afac976c726fd5394a",
        "revCount": 67,
        "type": "git",
        "url": "ssh://git@github.com/lopsided98/freefb.git"
      },
      "original": {
        "type": "git",
        "url": "ssh://git@github.com/lopsided98/freefb.git"
      }
    },
    "kitty-cam": {
      "inputs": {
        "flake-utils": "flake-utils_5",
        "nixpkgs": "nixpkgs_3"
      },
      "locked": {
        "lastModified": 1658689527,
        "narHash": "sha256-ri6jB0ZasQkKhxncWDicoJ9QkYJXwau3zC4LTHSqO+s=",
        "owner": "lopsided98",
        "repo": "kitty-cam",
        "rev": "e0bd78101530010319cdedb88e07f36f1567d28b",
        "type": "github"
      },
      "original": {
        "owner": "lopsided98",
        "repo": "kitty-cam",
        "type": "github"
      }
    },
    "lib-net": {
      "flake": false,
      "locked": {
        "narHash": "sha256-izAzepR/6cDvnRfaa2ceSolMLMwqzQB5x9q62aR5J2g=",
        "type": "tarball",
        "url": "https://gist.github.com/duairc/5c9bb3c922e5d501a1edb9e7b3b845ba/archive/3885f7cd9ed0a746a9d675da6f265d41e9fd6704.tar.gz"
      },
      "original": {
        "type": "tarball",
        "url": "https://gist.github.com/duairc/5c9bb3c922e5d501a1edb9e7b3b845ba/archive/3885f7cd9ed0a746a9d675da6f265d41e9fd6704.tar.gz"
      }
    },
    "nix-ros-overlay": {
      "inputs": {
        "flake-utils": "flake-utils_2",
        "nixpkgs": "nixpkgs"
      },
      "locked": {
        "lastModified": 1667769993,
        "narHash": "sha256-hh2fOAvgleICdNyNWpEAQ7zPLOcMh4Tk/dTIkyIpe/8=",
        "owner": "lopsided98",
        "repo": "nix-ros-overlay",
        "rev": "00583dff229688a2c669d87b025715d8cb47677e",
        "type": "github"
      },
      "original": {
        "owner": "lopsided98",
        "ref": "staging",
        "repo": "nix-ros-overlay",
        "type": "github"
      }
    },
    "nix-ros-overlay_2": {
      "inputs": {
        "flake-utils": "flake-utils_6",
        "nixpkgs": "nixpkgs_4"
      },
      "locked": {
        "lastModified": 1668204344,
        "narHash": "sha256-P0b2Ni04SNQiAq/D3JP6tBNZJm4hhlAwgS8GL791J00=",
        "owner": "lopsided98",
        "repo": "nix-ros-overlay",
        "rev": "a3356d8de174554df19c2f7435e3dae196a6bdb4",
        "type": "github"
      },
      "original": {
        "owner": "lopsided98",
        "ref": "staging",
        "repo": "nix-ros-overlay",
        "type": "github"
      }
    },
    "nix-ros-overlay_3": {
      "inputs": {
        "flake-utils": "flake-utils_11",
        "nixpkgs": "nixpkgs_8"
      },
      "locked": {
        "lastModified": 1641677488,
        "narHash": "sha256-gTLJAYmdw+IyYymo1rODxKheOpHV8VQ+FqEX7tbYYXs=",
        "owner": "lopsided98",
        "repo": "nix-ros-overlay",
        "rev": "b1d33e431eded1442e0c7c99fddfb5a8d06a9532",
        "type": "github"
      },
      "original": {
        "owner": "lopsided98",
        "ref": "staging",
        "repo": "nix-ros-overlay",
        "type": "github"
      }
    },
    "nix-sdr": {
      "inputs": {
        "flake-utils": "flake-utils_7",
        "nixpkgs": "nixpkgs_5"
      },
      "locked": {
        "lastModified": 1615069571,
        "narHash": "sha256-PvdBdttGUfhiVUnfZ79BL/NhWWrFiyhaUgSXTvyQXF4=",
        "owner": "lopsided98",
        "repo": "nix-sdr",
        "rev": "2ac2b06cf26feea593ff2866fd75e21be6711154",
        "type": "github"
      },
      "original": {
        "owner": "lopsided98",
        "repo": "nix-sdr",
        "type": "github"
      }
    },
    "nixos-secrets": {
      "inputs": {
        "flake-utils": "flake-utils_8",
        "nixpkgs": "nixpkgs_6"
      },
      "locked": {
        "lastModified": 1661715942,
        "narHash": "sha256-SALuBsUdridRPfqs9+T8MPSG8g9WDb6Nsx14vojTht0=",
        "owner": "lopsided98",
        "repo": "nixos-secrets",
        "rev": "a350c607686d2fecf74ece88751390b8d10e0bdb",
        "type": "github"
      },
      "original": {
        "owner": "lopsided98",
        "repo": "nixos-secrets",
        "type": "github"
      }
    },
    "nixpkgs": {
      "locked": {
        "lastModified": 1667769913,
        "narHash": "sha256-LNN1O2Pp+swi7+1erLtANzlwRNGtiwpEkhXPKwzW9hI=",
        "owner": "lopsided98",
        "repo": "nixpkgs",
        "rev": "7bfffa51af0fd2acfa791586771461460b941a2a",
        "type": "github"
      },
      "original": {
        "owner": "lopsided98",
        "ref": "nix-ros",
        "repo": "nixpkgs",
        "type": "github"
      }
    },
    "nixpkgs-master-custom": {
      "locked": {
        "lastModified": 1668381379,
        "narHash": "sha256-8fHsBrupaYhC3gPP42MGyCORRlMGggxU74T+/k7G9Gk=",
        "owner": "lopsided98",
        "repo": "nixpkgs",
        "rev": "275d36690cc7a5d74a207a5a0caff9c3b53d5b17",
        "type": "github"
      },
      "original": {
        "owner": "lopsided98",
        "ref": "master-custom",
        "repo": "nixpkgs",
        "type": "github"
      }
    },
    "nixpkgs-unstable-custom": {
      "locked": {
        "lastModified": 1667688640,
        "narHash": "sha256-B4fj31unmlYYjMoCFrhhfkkwHgP5DRaS0SaLbcNG9TQ=",
        "owner": "lopsided98",
        "repo": "nixpkgs",
        "rev": "44f307d12fa1cfbec89613dfdb8929c268dde65a",
        "type": "github"
      },
      "original": {
        "owner": "lopsided98",
        "ref": "unstable-custom",
        "repo": "nixpkgs",
        "type": "github"
      }
    },
    "nixpkgs_10": {
      "locked": {
        "lastModified": 1668087632,
        "narHash": "sha256-T/cUx44aYDuLMFfaiVpMdTjL4kpG7bh0VkN6JEM78/E=",
        "owner": "NixOS",
        "repo": "nixpkgs",
        "rev": "5f588eb4a958f1a526ed8da02d6ea1bea0047b9f",
        "type": "github"
      },
      "original": {
        "owner": "NixOS",
        "ref": "nixos-unstable",
        "repo": "nixpkgs",
        "type": "github"
      }
    },
    "nixpkgs_2": {
      "locked": {
        "lastModified": 1654682581,
        "narHash": "sha256-Jb1PQCwKgwdNAp907eR5zPzuxV+kRroA3UIxUxCMJ9s=",
        "owner": "NixOS",
        "repo": "nixpkgs",
        "rev": "e0169d7a9d324afebf5679551407756c77af8930",
        "type": "github"
      },
      "original": {
        "id": "nixpkgs",
        "type": "indirect"
      }
    },
    "nixpkgs_3": {
      "locked": {
        "lastModified": 1658557357,
        "narHash": "sha256-0gqNef6skYQKJSS2vLojxrXOrc72zoX5VTDKUqEo6Gk=",
        "owner": "NixOS",
        "repo": "nixpkgs",
        "rev": "42ca9bef09e780eabe84328dd1b730cef978f098",
        "type": "github"
      },
      "original": {
        "owner": "NixOS",
        "ref": "nixos-unstable",
        "repo": "nixpkgs",
        "type": "github"
      }
    },
    "nixpkgs_4": {
      "locked": {
        "lastModified": 1668192777,
        "narHash": "sha256-C/koqhRmkV2hRCENfDUAK6HP7HTDwLAmhyP5QOy1jtI=",
        "owner": "lopsided98",
        "repo": "nixpkgs",
        "rev": "cb892295b6674f6d942ce78df3a27f2f219972e0",
        "type": "github"
      },
      "original": {
        "owner": "lopsided98",
        "ref": "nix-ros",
        "repo": "nixpkgs",
        "type": "github"
      }
    },
    "nixpkgs_5": {
      "locked": {
        "lastModified": 1614815769,
        "narHash": "sha256-Rdy37Ioof5FlMlc+YC9PniSIJW/EsdImG+wZPP5VWvo=",
        "owner": "NixOS",
        "repo": "nixpkgs",
        "rev": "d496205cf22c3079461d868ea3198d42ded59287",
        "type": "github"
      },
      "original": {
        "owner": "NixOS",
        "ref": "nixos-unstable",
        "repo": "nixpkgs",
        "type": "github"
      }
    },
    "nixpkgs_6": {
      "locked": {
        "lastModified": 1652885393,
        "narHash": "sha256-YIgvvlk4iQ1Hi7KD9o5gsojc+ApB+jiH1d5stK8uXiw=",
        "owner": "NixOS",
        "repo": "nixpkgs",
        "rev": "48037fd90426e44e4bf03e6479e88a11453b9b66",
        "type": "github"
      },
      "original": {
        "id": "nixpkgs",
        "type": "indirect"
      }
    },
    "nixpkgs_7": {
      "locked": {
        "lastModified": 1665940183,
        "narHash": "sha256-cPe3F7CtnxU9YbJpc3Adl4d9kX+turqTv5FxM98i8vg=",
        "owner": "NixOS",
        "repo": "nixpkgs",
        "rev": "104e8082de1b20f9d0e1f05b1028795ed0e0e4bc",
        "type": "github"
      },
      "original": {
        "owner": "NixOS",
        "ref": "nixos-unstable",
        "repo": "nixpkgs",
        "type": "github"
      }
    },
    "nixpkgs_8": {
      "locked": {
        "lastModified": 1639699734,
        "narHash": "sha256-tlX6WebGmiHb2Hmniff+ltYp+7dRfdsBxw9YczLsP60=",
        "owner": "lopsided98",
        "repo": "nixpkgs",
        "rev": "03ec468b14067729a285c2c7cfa7b9434a04816c",
        "type": "github"
      },
      "original": {
        "owner": "lopsided98",
        "ref": "nix-ros",
        "repo": "nixpkgs",
        "type": "github"
      }
    },
    "nixpkgs_9": {
      "locked": {
        "lastModified": 1655567057,
        "narHash": "sha256-Cc5hQSMsTzOHmZnYm8OSJ5RNUp22bd5NADWLHorULWQ=",
        "owner": "NixOS",
        "repo": "nixpkgs",
        "rev": "e0a42267f73ea52adc061a64650fddc59906fc99",
        "type": "github"
      },
      "original": {
        "id": "nixpkgs",
        "type": "indirect"
      }
    },
    "radonpy": {
      "inputs": {
        "flake-utils": "flake-utils_9",
        "nixpkgs": "nixpkgs_7"
      },
      "locked": {
        "lastModified": 1666223165,
        "narHash": "sha256-DS+MrZuZSiXxnlxkHXPAFaj3OH/2eHwQT8nNv4ANi7c=",
        "owner": "lopsided98",
        "repo": "radonpy",
        "rev": "86d7cbd40fb6daed266604d6cd70c7386c679254",
        "type": "github"
      },
      "original": {
        "owner": "lopsided98",
        "repo": "radonpy",
        "type": "github"
      }
    },
    "root": {
      "inputs": {
        "fixed-wing-sampling": "fixed-wing-sampling",
        "flake-utils": "flake-utils_3",
        "freefb": "freefb",
        "kitty-cam": "kitty-cam",
        "lib-net": "lib-net",
        "nix-ros-overlay": "nix-ros-overlay_2",
        "nix-sdr": "nix-sdr",
        "nixos-secrets": "nixos-secrets",
        "nixpkgs-master-custom": "nixpkgs-master-custom",
        "nixpkgs-unstable-custom": "nixpkgs-unstable-custom",
        "radonpy": "radonpy",
        "ros-sailing": "ros-sailing",
        "secrets": "secrets",
        "water-level-monitor": "water-level-monitor",
        "zeus-audio": "zeus-audio"
      }
    },
    "ros-sailing": {
      "inputs": {
        "flake-utils": "flake-utils_10",
        "nix-ros-overlay": "nix-ros-overlay_3"
      },
      "locked": {
        "lastModified": 1652923969,
        "narHash": "sha256-+zwv6xpA1bXxPKyhbdR56lWhd5fcHVhfXF1blJfB0t4=",
        "ref": "refs/heads/master",
        "rev": "e7049c2c7c30264dda4e4919d214032e506a8484",
        "revCount": 90,
        "type": "git",
        "url": "ssh://git@gitlab.com/dartmouthrobotics/ros_sailing.git"
      },
      "original": {
        "type": "git",
        "url": "ssh://git@gitlab.com/dartmouthrobotics/ros_sailing.git"
      }
    },
    "secrets": {
      "locked": {
        "lastModified": 1663893131,
        "narHash": "sha256-8ree3UcK8n1iieRtaIJvDrS3nsrf0b/FYTF1JniBT6I=",
        "ref": "refs/heads/master",
        "rev": "5de04cadbdc27a310204c9d06cf4add817e6db74",
        "revCount": 101,
        "type": "git",
        "url": "ssh://git@github.com/lopsided98/nixos-config-secrets.git"
      },
      "original": {
        "type": "git",
        "url": "ssh://git@github.com/lopsided98/nixos-config-secrets.git"
      }
    },
    "water-level-monitor": {
      "inputs": {
        "crate2nix": "crate2nix_2",
        "flake-utils": "flake-utils_12",
        "nixpkgs": "nixpkgs_9"
      },
      "locked": {
        "lastModified": 1656960518,
        "narHash": "sha256-u1f20FgEaTOxxkC1svr8yPOWmZeQ0paRQJazwZA4PAI=",
        "owner": "lopsided98",
        "repo": "WaterLevelMonitor",
        "rev": "54e8bc2219d0ef33d84bb9c4fb57ed287cb848a3",
        "type": "github"
      },
      "original": {
        "owner": "lopsided98",
        "repo": "WaterLevelMonitor",
        "type": "github"
      }
    },
    "zeus-audio": {
      "inputs": {
        "crate2nix": "crate2nix_3",
        "flake-utils": "flake-utils_13",
        "nixpkgs": "nixpkgs_10"
      },
      "locked": {
        "lastModified": 1668381474,
        "narHash": "sha256-672G3S/sDb+SxM5QfXSIJQM8sx51Xq5Q74oe2oVMyxM=",
        "owner": "lopsided98",
        "repo": "zeus_audio",
        "rev": "608dc522690e7052801d7de9e300e1298df3938c",
        "type": "github"
      },
      "original": {
        "owner": "lopsided98",
        "repo": "zeus_audio",
        "type": "github"
      }
    }
  },
  "root": "root",
  "version": 7
}
